<?xml version="1.0" encoding="utf-8"?>
<Project ToolsVersion="4.0" xmlns="http://schemas.microsoft.com/developer/msbuild/2003">
  <ItemGroup>
    <Filter Include="Private">
      <UniqueIdentifier>{4FC737F1-C7A5-4376-A066-2A32D752A2FF}</UniqueIdentifier>
      <Extensions>cpp;c;cc;cxx;c++;cppm;ixx;def;odl;idl;hpj;bat;asm;asmx</Extensions>
    </Filter>
    <Filter Include="Assets">
      <UniqueIdentifier>{67DA6AB6-F800-4c08-8B7A-83BB121AAD01}</UniqueIdentifier>
      <Extensions>rc;ico;cur;bmp;dlg;rc2;rct;bin;rgs;gif;jpg;jpeg;jpe;resx;tiff;tif;png;wav;mfcribbon-ms</Extensions>
    </Filter>
    <Filter Include="Public">
      <UniqueIdentifier>{93995380-89BD-4b04-88EB-625FBE52EBFB}</UniqueIdentifier>
      <Extensions>h;hh;hpp;hxx;h++;hm;inl;inc;ipp;xsd</Extensions>
    </Filter>
    <Filter Include="LUL_">
      <UniqueIdentifier>{47a8627f-574b-46f8-a2c6-f4d87df9359f}</UniqueIdentifier>
    </Filter>
    <Filter Include="Private\Core">
      <UniqueIdentifier>{66c35775-b269-4d99-b55b-803b6a0d8171}</UniqueIdentifier>
    </Filter>
    <Filter Include="Public\Core">
      <UniqueIdentifier>{892131d7-9c09-478f-957c-1d9697e1860d}</UniqueIdentifier>
    </Filter>
    <Filter Include="Private\Exceptions">
      <UniqueIdentifier>{32c3e13a-45b1-4517-9a91-c16eb184cb48}</UniqueIdentifier>
    </Filter>
    <Filter Include="Public\Exceptions">
      <UniqueIdentifier>{71fc49f7-ea18-4d50-b62c-a640b981a1bc}</UniqueIdentifier>
    </Filter>
  </ItemGroup>
  <ItemGroup>
    <ClCompile Include="Source\Core\AppProperties.cpp">
      <Filter>Private\Core</Filter>
    </ClCompile>
    <ClCompile Include="Source\Core\CoreLoading.cpp">
      <Filter>Private\Core</Filter>
    </ClCompile>
    <ClCompile Include="Source\Exceptions\LUL_Exceptions.cpp">
      <Filter>Private\Exceptions</Filter>
    </ClCompile>
    <ClCompile Include="Source\Core\Logger.cpp">
      <Filter>Private\Core</Filter>
    </ClCompile>
  </ItemGroup>
  <ItemGroup>
    <ClInclude Include="Source\LUL_.h">
      <Filter>LUL_</Filter>
    </ClInclude>
    <ClInclude Include="Source\Core\AppProperties.hpp">
      <Filter>Public\Core</Filter>
    </ClInclude>
    <ClInclude Include="Source\Core\CoreLoading.hpp">
      <Filter>Public\Core</Filter>
    </ClInclude>
    <ClInclude Include="Source\Exceptions\LUL_Exceptions.hpp">
      <Filter>Public\Exceptions</Filter>
    </ClInclude>
    <ClInclude Include="Source\Core\Logger.hpp">
      <Filter>Public\Core</Filter>
    </ClInclude>
  </ItemGroup>
</Project>