<?xml version="1.0" encoding="utf-8"?>
<Project ToolsVersion="4.0" xmlns="http://schemas.microsoft.com/developer/msbuild/2003">
  <ItemGroup>
    <Filter Include="Private">
      <UniqueIdentifier>{4FC737F1-C7A5-4376-A066-2A32D752A2FF}</UniqueIdentifier>
      <Extensions>cpp;c;cc;cxx;c++;cppm;ixx;def;odl;idl;hpj;bat;asm;asmx</Extensions>
    </Filter>
    <Filter Include="Assets">
      <UniqueIdentifier>{67DA6AB6-F800-4c08-8B7A-83BB121AAD01}</UniqueIdentifier>
      <Extensions>rc;ico;cur;bmp;dlg;rc2;rct;bin;rgs;gif;jpg;jpeg;jpe;resx;tiff;tif;png;wav;mfcribbon-ms</Extensions>
    </Filter>
    <Filter Include="Public">
      <UniqueIdentifier>{93995380-89BD-4b04-88EB-625FBE52EBFB}</UniqueIdentifier>
      <Extensions>h;hh;hpp;hxx;h++;hm;inl;inc;ipp;xsd</Extensions>
    </Filter>
    <Filter Include="LUL_">
      <UniqueIdentifier>{47a8627f-574b-46f8-a2c6-f4d87df9359f}</UniqueIdentifier>
    </Filter>
    <Filter Include="Private\Core">
      <UniqueIdentifier>{66c35775-b269-4d99-b55b-803b6a0d8171}</UniqueIdentifier>
    </Filter>
    <Filter Include="Public\Core">
      <UniqueIdentifier>{892131d7-9c09-478f-957c-1d9697e1860d}</UniqueIdentifier>
    </Filter>
    <Filter Include="Private\Exceptions">
      <UniqueIdentifier>{32c3e13a-45b1-4517-9a91-c16eb184cb48}</UniqueIdentifier>
    </Filter>
    <Filter Include="Public\Exceptions">
      <UniqueIdentifier>{71fc49f7-ea18-4d50-b62c-a640b981a1bc}</UniqueIdentifier>
    </Filter>
    <Filter Include="Public\Primitives">
      <UniqueIdentifier>{7f3aff1b-cb63-4966-8f75-279ea395ea14}</UniqueIdentifier>
    </Filter>
    <Filter Include="Private\Primitives">
      <UniqueIdentifier>{1be20846-afe7-4261-89e8-f24818781ce6}</UniqueIdentifier>
    </Filter>
    <Filter Include="Public\Interfaces">
      <UniqueIdentifier>{43b4c740-6dc1-466c-b607-2e91f6bd5a30}</UniqueIdentifier>
    </Filter>
    <Filter Include="Private\Interfaces">
      <UniqueIdentifier>{f146412e-2520-4970-b770-cb9015abd0fb}</UniqueIdentifier>
    </Filter>
    <Filter Include="Public\EntryPoint">
      <UniqueIdentifier>{df921f52-14d5-402e-9f16-e2b6baafabba}</UniqueIdentifier>
    </Filter>
    <Filter Include="Public\EntryPoint\Win32">
      <UniqueIdentifier>{70bfd175-ad8d-407d-98e0-3038ff989d15}</UniqueIdentifier>
    </Filter>
  </ItemGroup>
  <ItemGroup>
    <ClCompile Include="Source\Core\AppProperties.cpp">
      <Filter>Private\Core</Filter>
    </ClCompile>
    <ClCompile Include="Source\Exceptions\LUL_Exceptions.cpp">
      <Filter>Private\Exceptions</Filter>
    </ClCompile>
    <ClCompile Include="Source\Core\Logger.cpp">
      <Filter>Private\Core</Filter>
    </ClCompile>
    <ClCompile Include="Source\Primitives\EmptyWindow.cpp">
      <Filter>Private\Primitives</Filter>
    </ClCompile>
    <ClCompile Include="Source\Interfaces\IWindow.cpp">
      <Filter>Private\Interfaces</Filter>
    </ClCompile>
    <ClCompile Include="Source\Interfaces\IApplication.cpp">
      <Filter>Private\Interfaces</Filter>
    </ClCompile>
    <ClCompile Include="Source\Core\DataTypes.cpp">
      <Filter>Private\Core</Filter>
    </ClCompile>
    <ClCompile Include="Source\Primitives\EmptyRendererWindow.cpp">
      <Filter>Private\Primitives</Filter>
    </ClCompile>
    <ClCompile Include="Source\Interfaces\IUnknown.cpp">
      <Filter>Private\Interfaces</Filter>
    </ClCompile>
  </ItemGroup>
  <ItemGroup>
    <ClInclude Include="Source\Core\AppProperties.hpp">
      <Filter>Public\Core</Filter>
    </ClInclude>
    <ClInclude Include="Source\Exceptions\LUL_Exceptions.hpp">
      <Filter>Public\Exceptions</Filter>
    </ClInclude>
    <ClInclude Include="Source\Core\Logger.hpp">
      <Filter>Public\Core</Filter>
    </ClInclude>
    <ClInclude Include="Source\Primitives\EmptyWindow.hpp">
      <Filter>Public\Primitives</Filter>
    </ClInclude>
    <ClInclude Include="Source\Interfaces\IWindow.hpp">
      <Filter>Public\Interfaces</Filter>
    </ClInclude>
    <ClInclude Include="Source\EntryPoint\Win32\Entry.hpp">
      <Filter>Public\EntryPoint\Win32</Filter>
    </ClInclude>
    <ClInclude Include="Source\Interfaces\IApplication.hpp">
      <Filter>Public\Interfaces</Filter>
    </ClInclude>
    <ClInclude Include="Source\Core\DataTypes.hpp">
      <Filter>Public\Core</Filter>
    </ClInclude>
    <ClInclude Include="Source\Primitives\EmptyRendererWindow.hpp">
      <Filter>Public\Primitives</Filter>
    </ClInclude>
    <ClInclude Include="Source\LUL_.h">
      <Filter>LUL_</Filter>
    </ClInclude>
    <ClInclude Include="Source\Interfaces\IUnknown.hpp">
      <Filter>Public\Interfaces</Filter>
    </ClInclude>
  </ItemGroup>
  <ItemGroup>
    <Manifest Include="Assets\LUL_.manifest">
      <Filter>Assets</Filter>
    </Manifest>
  </ItemGroup>
</Project>