<?xml version="1.0" encoding="utf-8"?>
<Project ToolsVersion="4.0" xmlns="http://schemas.microsoft.com/developer/msbuild/2003">
  <ItemGroup>
    <Filter Include="Private">
      <UniqueIdentifier>{4FC737F1-C7A5-4376-A066-2A32D752A2FF}</UniqueIdentifier>
      <Extensions>cpp;c;cc;cxx;c++;cppm;ixx;def;odl;idl;hpj;bat;asm;asmx</Extensions>
    </Filter>
    <Filter Include="Assets">
      <UniqueIdentifier>{67DA6AB6-F800-4c08-8B7A-83BB121AAD01}</UniqueIdentifier>
      <Extensions>rc;ico;cur;bmp;dlg;rc2;rct;bin;rgs;gif;jpg;jpeg;jpe;resx;tiff;tif;png;wav;mfcribbon-ms</Extensions>
    </Filter>
    <Filter Include="PCH">
      <UniqueIdentifier>{8ece2a83-b779-47c7-88ad-c1d4dc1824dc}</UniqueIdentifier>
    </Filter>
    <Filter Include="Private\Interfaces">
      <UniqueIdentifier>{4d484497-d59d-4f45-956d-04a0c2d70de8}</UniqueIdentifier>
    </Filter>
    <Filter Include="Private\Graphics">
      <UniqueIdentifier>{adcc72ef-e4f4-41a0-ab55-7f8c78b2ee9c}</UniqueIdentifier>
    </Filter>
    <Filter Include="Private\Graphics\DirectX12">
      <UniqueIdentifier>{5ccd7e28-5186-4adf-bce8-97e07f49890a}</UniqueIdentifier>
    </Filter>
    <Filter Include="Public">
      <UniqueIdentifier>{93995380-89BD-4b04-88EB-625FBE52EBFB}</UniqueIdentifier>
      <Extensions>h;hh;hpp;hxx;h++;hm;inl;inc;ipp;xsd</Extensions>
    </Filter>
    <Filter Include="Public\Interfaces">
      <UniqueIdentifier>{bd4d1b93-a615-4ba9-bbe3-bb80e8e79367}</UniqueIdentifier>
    </Filter>
    <Filter Include="Public\Graphics">
      <UniqueIdentifier>{526af11f-4f47-41f5-be68-69870813911b}</UniqueIdentifier>
    </Filter>
    <Filter Include="Public\Graphics\DirectX12">
      <UniqueIdentifier>{472dcde9-2aa3-4c7d-af44-2dbc755c48f0}</UniqueIdentifier>
    </Filter>
  </ItemGroup>
  <ItemGroup>
    <ClInclude Include="Source\LUL_3D.hpp">
      <Filter>PCH</Filter>
    </ClInclude>
    <ClInclude Include="Source\Interfaces\IRenderer.hpp">
      <Filter>Public\Interfaces</Filter>
    </ClInclude>
    <ClInclude Include="Source\Graphics\DirectX12\Renderer.hpp">
      <Filter>Public\Graphics\DirectX12</Filter>
    </ClInclude>
    <ClInclude Include="Source\Graphics\DirectX12\Hardware.hpp">
      <Filter>Public\Graphics\DirectX12</Filter>
    </ClInclude>
    <ClInclude Include="Source\Graphics\DirectX12\SwapChain.hpp">
      <Filter>Public\Graphics\DirectX12</Filter>
    </ClInclude>
    <ClInclude Include="Source\Graphics\DirectX12\Memory.hpp">
      <Filter>Public\Graphics\DirectX12</Filter>
    </ClInclude>
    <ClInclude Include="Source\Graphics\DirectX12\Commands.hpp">
      <Filter>Public\Graphics\DirectX12</Filter>
    </ClInclude>
    <ClInclude Include="Source\Graphics\DirectX12\d3dx12.h">
      <Filter>Public\Graphics\DirectX12</Filter>
    </ClInclude>
    <ClInclude Include="Source\Graphics\DirectX12\Vertex.hpp">
      <Filter>Public\Graphics\DirectX12</Filter>
    </ClInclude>
  </ItemGroup>
  <ItemGroup>
    <ClCompile Include="Source\Interfaces\IRenderer.cpp">
      <Filter>Private\Interfaces</Filter>
    </ClCompile>
    <ClCompile Include="Source\Graphics\DirectX12\Renderer.cpp">
      <Filter>Private\Graphics\DirectX12</Filter>
    </ClCompile>
    <ClCompile Include="Source\Graphics\DirectX12\Hardware.cpp">
      <Filter>Private\Graphics\DirectX12</Filter>
    </ClCompile>
    <ClCompile Include="Source\Graphics\DirectX12\SwapChain.cpp">
      <Filter>Private\Graphics\DirectX12</Filter>
    </ClCompile>
    <ClCompile Include="Source\Graphics\DirectX12\Memory.cpp">
      <Filter>Private\Graphics\DirectX12</Filter>
    </ClCompile>
    <ClCompile Include="Source\Graphics\DirectX12\Commands.cpp">
      <Filter>Private\Graphics\DirectX12</Filter>
    </ClCompile>
    <ClCompile Include="Source\Graphics\DirectX12\Vertex.cpp">
      <Filter>Private\Graphics\DirectX12</Filter>
    </ClCompile>
  </ItemGroup>
  <ItemGroup>
    <FxCompile Include="..\..\Assets\DirectX12\Shaders\Basic.hlsl">
      <Filter>Assets</Filter>
    </FxCompile>
  </ItemGroup>
</Project>